// !$*UTF8*$!
{
	archiveVersion = 1;
	classes = {
	};
	objectVersion = 51;
	objects = {

/* Begin PBXBuildFile section */
		326D423B24B39B46007D645B /* AppDelegate.swift in Sources */ = {isa = PBXBuildFile; fileRef = 326D423A24B39B46007D645B /* AppDelegate.swift */; };
		326D423F24B39B46007D645B /* ViewController.swift in Sources */ = {isa = PBXBuildFile; fileRef = 326D423E24B39B46007D645B /* ViewController.swift */; };
		326D424224B39B46007D645B /* Main.storyboard in Resources */ = {isa = PBXBuildFile; fileRef = 326D424024B39B46007D645B /* Main.storyboard */; };
		326D424424B39B49007D645B /* Assets.xcassets in Resources */ = {isa = PBXBuildFile; fileRef = 326D424324B39B49007D645B /* Assets.xcassets */; };
		326D424724B39B49007D645B /* LaunchScreen.storyboard in Resources */ = {isa = PBXBuildFile; fileRef = 326D424524B39B49007D645B /* LaunchScreen.storyboard */; };
		326D425224B39B49007D645B /* MarvelTests.swift in Sources */ = {isa = PBXBuildFile; fileRef = 326D425124B39B49007D645B /* MarvelTests.swift */; };
		326D425D24B39B49007D645B /* MarvelUITests.swift in Sources */ = {isa = PBXBuildFile; fileRef = 326D425C24B39B49007D645B /* MarvelUITests.swift */; };
		326D426C24B3A126007D645B /* Settings.bundle in Resources */ = {isa = PBXBuildFile; fileRef = 326D426B24B3A126007D645B /* Settings.bundle */; };
		326D427624B3B287007D645B /* Character.swift in Sources */ = {isa = PBXBuildFile; fileRef = 326D427524B3B287007D645B /* Character.swift */; };
		326D427724B3B287007D645B /* Character.swift in Sources */ = {isa = PBXBuildFile; fileRef = 326D427524B3B287007D645B /* Character.swift */; };
		75575A52D131D2D07377BAF1 /* Pods_Marvel.framework in Frameworks */ = {isa = PBXBuildFile; fileRef = F1EC4594E076CAEADBC67E5F /* Pods_Marvel.framework */; };
/* End PBXBuildFile section */

/* Begin PBXContainerItemProxy section */
		326D424E24B39B49007D645B /* PBXContainerItemProxy */ = {
			isa = PBXContainerItemProxy;
			containerPortal = 326D422F24B39B46007D645B /* Project object */;
			proxyType = 1;
			remoteGlobalIDString = 326D423624B39B46007D645B;
			remoteInfo = Marvel;
		};
		326D425924B39B49007D645B /* PBXContainerItemProxy */ = {
			isa = PBXContainerItemProxy;
			containerPortal = 326D422F24B39B46007D645B /* Project object */;
			proxyType = 1;
			remoteGlobalIDString = 326D423624B39B46007D645B;
			remoteInfo = Marvel;
		};
/* End PBXContainerItemProxy section */

/* Begin PBXFileReference section */
		1D5AC41F59E6D4CD5A2F3216 /* Pods-Marvel.release.xcconfig */ = {isa = PBXFileReference; includeInIndex = 1; lastKnownFileType = text.xcconfig; name = "Pods-Marvel.release.xcconfig"; path = "Target Support Files/Pods-Marvel/Pods-Marvel.release.xcconfig"; sourceTree = "<group>"; };
		326D423724B39B46007D645B /* Marvel.app */ = {isa = PBXFileReference; explicitFileType = wrapper.application; includeInIndex = 0; path = Marvel.app; sourceTree = BUILT_PRODUCTS_DIR; };
		326D423A24B39B46007D645B /* AppDelegate.swift */ = {isa = PBXFileReference; lastKnownFileType = sourcecode.swift; path = AppDelegate.swift; sourceTree = "<group>"; };
		326D423E24B39B46007D645B /* ViewController.swift */ = {isa = PBXFileReference; lastKnownFileType = sourcecode.swift; path = ViewController.swift; sourceTree = "<group>"; };
		326D424124B39B46007D645B /* Base */ = {isa = PBXFileReference; lastKnownFileType = file.storyboard; name = Base; path = Base.lproj/Main.storyboard; sourceTree = "<group>"; };
		326D424324B39B49007D645B /* Assets.xcassets */ = {isa = PBXFileReference; lastKnownFileType = folder.assetcatalog; path = Assets.xcassets; sourceTree = "<group>"; };
		326D424624B39B49007D645B /* Base */ = {isa = PBXFileReference; lastKnownFileType = file.storyboard; name = Base; path = Base.lproj/LaunchScreen.storyboard; sourceTree = "<group>"; };
		326D424824B39B49007D645B /* Info.plist */ = {isa = PBXFileReference; lastKnownFileType = text.plist.xml; path = Info.plist; sourceTree = "<group>"; };
		326D424D24B39B49007D645B /* MarvelTests.xctest */ = {isa = PBXFileReference; explicitFileType = wrapper.cfbundle; includeInIndex = 0; path = MarvelTests.xctest; sourceTree = BUILT_PRODUCTS_DIR; };
		326D425124B39B49007D645B /* MarvelTests.swift */ = {isa = PBXFileReference; lastKnownFileType = sourcecode.swift; path = MarvelTests.swift; sourceTree = "<group>"; };
		326D425324B39B49007D645B /* Info.plist */ = {isa = PBXFileReference; lastKnownFileType = text.plist.xml; path = Info.plist; sourceTree = "<group>"; };
		326D425824B39B49007D645B /* MarvelUITests.xctest */ = {isa = PBXFileReference; explicitFileType = wrapper.cfbundle; includeInIndex = 0; path = MarvelUITests.xctest; sourceTree = BUILT_PRODUCTS_DIR; };
		326D425C24B39B49007D645B /* MarvelUITests.swift */ = {isa = PBXFileReference; lastKnownFileType = sourcecode.swift; path = MarvelUITests.swift; sourceTree = "<group>"; };
		326D425E24B39B49007D645B /* Info.plist */ = {isa = PBXFileReference; lastKnownFileType = text.plist.xml; path = Info.plist; sourceTree = "<group>"; };
		326D426B24B3A126007D645B /* Settings.bundle */ = {isa = PBXFileReference; lastKnownFileType = "wrapper.plug-in"; path = Settings.bundle; sourceTree = "<group>"; };
		326D427524B3B287007D645B /* Character.swift */ = {isa = PBXFileReference; lastKnownFileType = sourcecode.swift; path = Character.swift; sourceTree = "<group>"; };
		85A5C4677950800844FC47D0 /* Pods-Marvel.debug.xcconfig */ = {isa = PBXFileReference; includeInIndex = 1; lastKnownFileType = text.xcconfig; name = "Pods-Marvel.debug.xcconfig"; path = "Target Support Files/Pods-Marvel/Pods-Marvel.debug.xcconfig"; sourceTree = "<group>"; };
		F1EC4594E076CAEADBC67E5F /* Pods_Marvel.framework */ = {isa = PBXFileReference; explicitFileType = wrapper.framework; includeInIndex = 0; path = Pods_Marvel.framework; sourceTree = BUILT_PRODUCTS_DIR; };
/* End PBXFileReference section */

/* Begin PBXFrameworksBuildPhase section */
		326D423424B39B46007D645B /* Frameworks */ = {
			isa = PBXFrameworksBuildPhase;
			buildActionMask = 2147483647;
			files = (
				75575A52D131D2D07377BAF1 /* Pods_Marvel.framework in Frameworks */,
			);
			runOnlyForDeploymentPostprocessing = 0;
		};
		326D424A24B39B49007D645B /* Frameworks */ = {
			isa = PBXFrameworksBuildPhase;
			buildActionMask = 2147483647;
			files = (
			);
			runOnlyForDeploymentPostprocessing = 0;
		};
		326D425524B39B49007D645B /* Frameworks */ = {
			isa = PBXFrameworksBuildPhase;
			buildActionMask = 2147483647;
			files = (
			);
			runOnlyForDeploymentPostprocessing = 0;
		};
/* End PBXFrameworksBuildPhase section */

/* Begin PBXGroup section */
		2405696F8E8BCA2654C42501 /* Frameworks */ = {
			isa = PBXGroup;
			children = (
				F1EC4594E076CAEADBC67E5F /* Pods_Marvel.framework */,
			);
			name = Frameworks;
			sourceTree = "<group>";
		};
		2A5520734A4BBF4F5B70DBD0 /* Pods */ = {
			isa = PBXGroup;
			children = (
				85A5C4677950800844FC47D0 /* Pods-Marvel.debug.xcconfig */,
				1D5AC41F59E6D4CD5A2F3216 /* Pods-Marvel.release.xcconfig */,
			);
			path = Pods;
			sourceTree = "<group>";
		};
		326D422E24B39B46007D645B = {
			isa = PBXGroup;
			children = (
				326D423924B39B46007D645B /* Marvel */,
				326D425024B39B49007D645B /* MarvelTests */,
				326D425B24B39B49007D645B /* MarvelUITests */,
				326D423824B39B46007D645B /* Products */,
				2A5520734A4BBF4F5B70DBD0 /* Pods */,
				2405696F8E8BCA2654C42501 /* Frameworks */,
			);
			sourceTree = "<group>";
		};
		326D423824B39B46007D645B /* Products */ = {
			isa = PBXGroup;
			children = (
				326D423724B39B46007D645B /* Marvel.app */,
				326D424D24B39B49007D645B /* MarvelTests.xctest */,
				326D425824B39B49007D645B /* MarvelUITests.xctest */,
			);
			name = Products;
			sourceTree = "<group>";
		};
		326D423924B39B46007D645B /* Marvel */ = {
			isa = PBXGroup;
			children = (
				326D426F24B3AADB007D645B /* Code */,
				326D426E24B3AAB1007D645B /* Resources */,
				326D426A24B3A0F1007D645B /* Supporting Files */,
			);
			path = Marvel;
			sourceTree = "<group>";
		};
		326D425024B39B49007D645B /* MarvelTests */ = {
			isa = PBXGroup;
			children = (
				326D425124B39B49007D645B /* MarvelTests.swift */,
				326D425324B39B49007D645B /* Info.plist */,
			);
			path = MarvelTests;
			sourceTree = "<group>";
		};
		326D425B24B39B49007D645B /* MarvelUITests */ = {
			isa = PBXGroup;
			children = (
				326D425C24B39B49007D645B /* MarvelUITests.swift */,
				326D425E24B39B49007D645B /* Info.plist */,
			);
			path = MarvelUITests;
			sourceTree = "<group>";
		};
		326D426A24B3A0F1007D645B /* Supporting Files */ = {
			isa = PBXGroup;
			children = (
				326D426D24B3AA60007D645B /* PRO */,
				326D426B24B3A126007D645B /* Settings.bundle */,
			);
			path = "Supporting Files";
			sourceTree = "<group>";
		};
		326D426D24B3AA60007D645B /* PRO */ = {
			isa = PBXGroup;
			children = (
				326D424824B39B49007D645B /* Info.plist */,
			);
			path = PRO;
			sourceTree = "<group>";
		};
		326D426E24B3AAB1007D645B /* Resources */ = {
			isa = PBXGroup;
			children = (
				326D424324B39B49007D645B /* Assets.xcassets */,
			);
			path = Resources;
			sourceTree = "<group>";
		};
		326D426F24B3AADB007D645B /* Code */ = {
			isa = PBXGroup;
			children = (
				326D423A24B39B46007D645B /* AppDelegate.swift */,
				326D423E24B39B46007D645B /* ViewController.swift */,
				326D427124B3ADD0007D645B /* Core */,
				326D427024B3AB0E007D645B /* UI */,
			);
			path = Code;
			sourceTree = "<group>";
		};
		326D427024B3AB0E007D645B /* UI */ = {
			isa = PBXGroup;
			children = (
				326D424024B39B46007D645B /* Main.storyboard */,
				326D424524B39B49007D645B /* LaunchScreen.storyboard */,
			);
			path = UI;
			sourceTree = "<group>";
		};
		326D427124B3ADD0007D645B /* Core */ = {
			isa = PBXGroup;
			children = (
				326D427324B3ADEA007D645B /* Network */,
				326D427224B3ADDF007D645B /* DataStore */,
			);
			path = Core;
			sourceTree = "<group>";
		};
		326D427224B3ADDF007D645B /* DataStore */ = {
			isa = PBXGroup;
			children = (
				326D427424B3AE33007D645B /* Model */,
			);
			path = DataStore;
			sourceTree = "<group>";
		};
		326D427324B3ADEA007D645B /* Network */ = {
			isa = PBXGroup;
			children = (
			);
			path = Network;
			sourceTree = "<group>";
		};
		326D427424B3AE33007D645B /* Model */ = {
			isa = PBXGroup;
			children = (
				326D427524B3B287007D645B /* Character.swift */,
			);
			path = Model;
			sourceTree = "<group>";
		};
/* End PBXGroup section */

/* Begin PBXNativeTarget section */
		326D423624B39B46007D645B /* Marvel */ = {
			isa = PBXNativeTarget;
			buildConfigurationList = 326D426124B39B49007D645B /* Build configuration list for PBXNativeTarget "Marvel" */;
			buildPhases = (
				D4147B4DC834131A6428AE41 /* [CP] Check Pods Manifest.lock */,
				326D423324B39B46007D645B /* Sources */,
				326D423424B39B46007D645B /* Frameworks */,
				326D423524B39B46007D645B /* Resources */,
				366875C6249EBE387AE873A5 /* [CP] Embed Pods Frameworks */,
			);
			buildRules = (
			);
			dependencies = (
			);
			name = Marvel;
			productName = Marvel;
			productReference = 326D423724B39B46007D645B /* Marvel.app */;
			productType = "com.apple.product-type.application";
		};
		326D424C24B39B49007D645B /* MarvelTests */ = {
			isa = PBXNativeTarget;
			buildConfigurationList = 326D426424B39B49007D645B /* Build configuration list for PBXNativeTarget "MarvelTests" */;
			buildPhases = (
				326D424924B39B49007D645B /* Sources */,
				326D424A24B39B49007D645B /* Frameworks */,
				326D424B24B39B49007D645B /* Resources */,
			);
			buildRules = (
			);
			dependencies = (
				326D424F24B39B49007D645B /* PBXTargetDependency */,
			);
			name = MarvelTests;
			productName = MarvelTests;
			productReference = 326D424D24B39B49007D645B /* MarvelTests.xctest */;
			productType = "com.apple.product-type.bundle.unit-test";
		};
		326D425724B39B49007D645B /* MarvelUITests */ = {
			isa = PBXNativeTarget;
			buildConfigurationList = 326D426724B39B49007D645B /* Build configuration list for PBXNativeTarget "MarvelUITests" */;
			buildPhases = (
				326D425424B39B49007D645B /* Sources */,
				326D425524B39B49007D645B /* Frameworks */,
				326D425624B39B49007D645B /* Resources */,
			);
			buildRules = (
			);
			dependencies = (
				326D425A24B39B49007D645B /* PBXTargetDependency */,
			);
			name = MarvelUITests;
			productName = MarvelUITests;
			productReference = 326D425824B39B49007D645B /* MarvelUITests.xctest */;
			productType = "com.apple.product-type.bundle.ui-testing";
		};
/* End PBXNativeTarget section */

/* Begin PBXProject section */
		326D422F24B39B46007D645B /* Project object */ = {
			isa = PBXProject;
			attributes = {
				LastSwiftUpdateCheck = 1150;
				LastUpgradeCheck = 1150;
				TargetAttributes = {
					326D423624B39B46007D645B = {
						CreatedOnToolsVersion = 11.5;
					};
					326D424C24B39B49007D645B = {
						CreatedOnToolsVersion = 11.5;
						TestTargetID = 326D423624B39B46007D645B;
					};
					326D425724B39B49007D645B = {
						CreatedOnToolsVersion = 11.5;
						TestTargetID = 326D423624B39B46007D645B;
					};
				};
			};
			buildConfigurationList = 326D423224B39B46007D645B /* Build configuration list for PBXProject "Marvel" */;
			compatibilityVersion = "Xcode 9.3";
			developmentRegion = en;
			hasScannedForEncodings = 0;
			knownRegions = (
				en,
				Base,
			);
			mainGroup = 326D422E24B39B46007D645B;
			productRefGroup = 326D423824B39B46007D645B /* Products */;
			projectDirPath = "";
			projectRoot = "";
			targets = (
				326D423624B39B46007D645B /* Marvel */,
				326D424C24B39B49007D645B /* MarvelTests */,
				326D425724B39B49007D645B /* MarvelUITests */,
			);
		};
/* End PBXProject section */

/* Begin PBXResourcesBuildPhase section */
		326D423524B39B46007D645B /* Resources */ = {
			isa = PBXResourcesBuildPhase;
			buildActionMask = 2147483647;
			files = (
				326D426C24B3A126007D645B /* Settings.bundle in Resources */,
				326D424724B39B49007D645B /* LaunchScreen.storyboard in Resources */,
				326D424424B39B49007D645B /* Assets.xcassets in Resources */,
				326D424224B39B46007D645B /* Main.storyboard in Resources */,
			);
			runOnlyForDeploymentPostprocessing = 0;
		};
		326D424B24B39B49007D645B /* Resources */ = {
			isa = PBXResourcesBuildPhase;
			buildActionMask = 2147483647;
			files = (
			);
			runOnlyForDeploymentPostprocessing = 0;
		};
		326D425624B39B49007D645B /* Resources */ = {
			isa = PBXResourcesBuildPhase;
			buildActionMask = 2147483647;
			files = (
			);
			runOnlyForDeploymentPostprocessing = 0;
		};
/* End PBXResourcesBuildPhase section */

/* Begin PBXShellScriptBuildPhase section */
		366875C6249EBE387AE873A5 /* [CP] Embed Pods Frameworks */ = {
			isa = PBXShellScriptBuildPhase;
			buildActionMask = 2147483647;
			files = (
			);
			inputFileListPaths = (
				"${PODS_ROOT}/Target Support Files/Pods-Marvel/Pods-Marvel-frameworks-${CONFIGURATION}-input-files.xcfilelist",
			);
			name = "[CP] Embed Pods Frameworks";
			outputFileListPaths = (
				"${PODS_ROOT}/Target Support Files/Pods-Marvel/Pods-Marvel-frameworks-${CONFIGURATION}-output-files.xcfilelist",
			);
			runOnlyForDeploymentPostprocessing = 0;
			shellPath = /bin/sh;
			shellScript = "\"${PODS_ROOT}/Target Support Files/Pods-Marvel/Pods-Marvel-frameworks.sh\"\n";
			showEnvVarsInLog = 0;
		};
		D4147B4DC834131A6428AE41 /* [CP] Check Pods Manifest.lock */ = {
			isa = PBXShellScriptBuildPhase;
			buildActionMask = 2147483647;
			files = (
			);
			inputFileListPaths = (
			);
			inputPaths = (
				"${PODS_PODFILE_DIR_PATH}/Podfile.lock",
				"${PODS_ROOT}/Manifest.lock",
			);
			name = "[CP] Check Pods Manifest.lock";
			outputFileListPaths = (
			);
			outputPaths = (
				"$(DERIVED_FILE_DIR)/Pods-Marvel-checkManifestLockResult.txt",
			);
			runOnlyForDeploymentPostprocessing = 0;
			shellPath = /bin/sh;
			shellScript = "diff \"${PODS_PODFILE_DIR_PATH}/Podfile.lock\" \"${PODS_ROOT}/Manifest.lock\" > /dev/null\nif [ $? != 0 ] ; then\n    # print error to STDERR\n    echo \"error: The sandbox is not in sync with the Podfile.lock. Run 'pod install' or update your CocoaPods installation.\" >&2\n    exit 1\nfi\n# This output is used by Xcode 'outputs' to avoid re-running this script phase.\necho \"SUCCESS\" > \"${SCRIPT_OUTPUT_FILE_0}\"\n";
			showEnvVarsInLog = 0;
		};
/* End PBXShellScriptBuildPhase section */

/* Begin PBXSourcesBuildPhase section */
		326D423324B39B46007D645B /* Sources */ = {
			isa = PBXSourcesBuildPhase;
			buildActionMask = 2147483647;
			files = (
				326D423F24B39B46007D645B /* ViewController.swift in Sources */,
				326D427624B3B287007D645B /* Character.swift in Sources */,
				326D423B24B39B46007D645B /* AppDelegate.swift in Sources */,
			);
			runOnlyForDeploymentPostprocessing = 0;
		};
		326D424924B39B49007D645B /* Sources */ = {
			isa = PBXSourcesBuildPhase;
			buildActionMask = 2147483647;
			files = (
				326D425224B39B49007D645B /* MarvelTests.swift in Sources */,
				326D427724B3B287007D645B /* Character.swift in Sources */,
			);
			runOnlyForDeploymentPostprocessing = 0;
		};
		326D425424B39B49007D645B /* Sources */ = {
			isa = PBXSourcesBuildPhase;
			buildActionMask = 2147483647;
			files = (
				326D425D24B39B49007D645B /* MarvelUITests.swift in Sources */,
			);
			runOnlyForDeploymentPostprocessing = 0;
		};
/* End PBXSourcesBuildPhase section */

/* Begin PBXTargetDependency section */
		326D424F24B39B49007D645B /* PBXTargetDependency */ = {
			isa = PBXTargetDependency;
			target = 326D423624B39B46007D645B /* Marvel */;
			targetProxy = 326D424E24B39B49007D645B /* PBXContainerItemProxy */;
		};
		326D425A24B39B49007D645B /* PBXTargetDependency */ = {
			isa = PBXTargetDependency;
			target = 326D423624B39B46007D645B /* Marvel */;
			targetProxy = 326D425924B39B49007D645B /* PBXContainerItemProxy */;
		};
/* End PBXTargetDependency section */

/* Begin PBXVariantGroup section */
		326D424024B39B46007D645B /* Main.storyboard */ = {
			isa = PBXVariantGroup;
			children = (
				326D424124B39B46007D645B /* Base */,
			);
			name = Main.storyboard;
			sourceTree = "<group>";
		};
		326D424524B39B49007D645B /* LaunchScreen.storyboard */ = {
			isa = PBXVariantGroup;
			children = (
				326D424624B39B49007D645B /* Base */,
			);
			name = LaunchScreen.storyboard;
			sourceTree = "<group>";
		};
/* End PBXVariantGroup section */

/* Begin XCBuildConfiguration section */
		326D425F24B39B49007D645B /* Debug */ = {
			isa = XCBuildConfiguration;
			buildSettings = {
				ALWAYS_SEARCH_USER_PATHS = NO;
				CLANG_ANALYZER_NONNULL = YES;
				CLANG_ANALYZER_NUMBER_OBJECT_CONVERSION = YES_AGGRESSIVE;
				CLANG_CXX_LANGUAGE_STANDARD = "gnu++14";
				CLANG_CXX_LIBRARY = "libc++";
				CLANG_ENABLE_MODULES = YES;
				CLANG_ENABLE_OBJC_ARC = YES;
				CLANG_ENABLE_OBJC_WEAK = YES;
				CLANG_WARN_BLOCK_CAPTURE_AUTORELEASING = YES;
				CLANG_WARN_BOOL_CONVERSION = YES;
				CLANG_WARN_COMMA = YES;
				CLANG_WARN_CONSTANT_CONVERSION = YES;
				CLANG_WARN_DEPRECATED_OBJC_IMPLEMENTATIONS = YES;
				CLANG_WARN_DIRECT_OBJC_ISA_USAGE = YES_ERROR;
				CLANG_WARN_DOCUMENTATION_COMMENTS = YES;
				CLANG_WARN_EMPTY_BODY = YES;
				CLANG_WARN_ENUM_CONVERSION = YES;
				CLANG_WARN_INFINITE_RECURSION = YES;
				CLANG_WARN_INT_CONVERSION = YES;
				CLANG_WARN_NON_LITERAL_NULL_CONVERSION = YES;
				CLANG_WARN_OBJC_IMPLICIT_RETAIN_SELF = YES;
				CLANG_WARN_OBJC_LITERAL_CONVERSION = YES;
				CLANG_WARN_OBJC_ROOT_CLASS = YES_ERROR;
				CLANG_WARN_RANGE_LOOP_ANALYSIS = YES;
				CLANG_WARN_STRICT_PROTOTYPES = YES;
				CLANG_WARN_SUSPICIOUS_MOVE = YES;
				CLANG_WARN_UNGUARDED_AVAILABILITY = YES_AGGRESSIVE;
				CLANG_WARN_UNREACHABLE_CODE = YES;
				CLANG_WARN__DUPLICATE_METHOD_MATCH = YES;
				COPY_PHASE_STRIP = NO;
				DEBUG_INFORMATION_FORMAT = dwarf;
				ENABLE_STRICT_OBJC_MSGSEND = YES;
				ENABLE_TESTABILITY = YES;
				GCC_C_LANGUAGE_STANDARD = gnu11;
				GCC_DYNAMIC_NO_PIC = NO;
				GCC_NO_COMMON_BLOCKS = YES;
				GCC_OPTIMIZATION_LEVEL = 0;
				GCC_PREPROCESSOR_DEFINITIONS = (
					"DEBUG=1",
					"$(inherited)",
				);
				GCC_WARN_64_TO_32_BIT_CONVERSION = YES;
				GCC_WARN_ABOUT_RETURN_TYPE = YES_ERROR;
				GCC_WARN_UNDECLARED_SELECTOR = YES;
				GCC_WARN_UNINITIALIZED_AUTOS = YES_AGGRESSIVE;
				GCC_WARN_UNUSED_FUNCTION = YES;
				GCC_WARN_UNUSED_VARIABLE = YES;
				IPHONEOS_DEPLOYMENT_TARGET = 12.0;
				MTL_ENABLE_DEBUG_INFO = INCLUDE_SOURCE;
				MTL_FAST_MATH = YES;
				ONLY_ACTIVE_ARCH = YES;
				SDKROOT = iphoneos;
				SWIFT_ACTIVE_COMPILATION_CONDITIONS = DEBUG;
				SWIFT_OPTIMIZATION_LEVEL = "-Onone";
			};
			name = Debug;
		};
		326D426024B39B49007D645B /* Release */ = {
			isa = XCBuildConfiguration;
			buildSettings = {
				ALWAYS_SEARCH_USER_PATHS = NO;
				CLANG_ANALYZER_NONNULL = YES;
				CLANG_ANALYZER_NUMBER_OBJECT_CONVERSION = YES_AGGRESSIVE;
				CLANG_CXX_LANGUAGE_STANDARD = "gnu++14";
				CLANG_CXX_LIBRARY = "libc++";
				CLANG_ENABLE_MODULES = YES;
				CLANG_ENABLE_OBJC_ARC = YES;
				CLANG_ENABLE_OBJC_WEAK = YES;
				CLANG_WARN_BLOCK_CAPTURE_AUTORELEASING = YES;
				CLANG_WARN_BOOL_CONVERSION = YES;
				CLANG_WARN_COMMA = YES;
				CLANG_WARN_CONSTANT_CONVERSION = YES;
				CLANG_WARN_DEPRECATED_OBJC_IMPLEMENTATIONS = YES;
				CLANG_WARN_DIRECT_OBJC_ISA_USAGE = YES_ERROR;
				CLANG_WARN_DOCUMENTATION_COMMENTS = YES;
				CLANG_WARN_EMPTY_BODY = YES;
				CLANG_WARN_ENUM_CONVERSION = YES;
				CLANG_WARN_INFINITE_RECURSION = YES;
				CLANG_WARN_INT_CONVERSION = YES;
				CLANG_WARN_NON_LITERAL_NULL_CONVERSION = YES;
				CLANG_WARN_OBJC_IMPLICIT_RETAIN_SELF = YES;
				CLANG_WARN_OBJC_LITERAL_CONVERSION = YES;
				CLANG_WARN_OBJC_ROOT_CLASS = YES_ERROR;
				CLANG_WARN_RANGE_LOOP_ANALYSIS = YES;
				CLANG_WARN_STRICT_PROTOTYPES = YES;
				CLANG_WARN_SUSPICIOUS_MOVE = YES;
				CLANG_WARN_UNGUARDED_AVAILABILITY = YES_AGGRESSIVE;
				CLANG_WARN_UNREACHABLE_CODE = YES;
				CLANG_WARN__DUPLICATE_METHOD_MATCH = YES;
				COPY_PHASE_STRIP = NO;
				DEBUG_INFORMATION_FORMAT = "dwarf-with-dsym";
				ENABLE_NS_ASSERTIONS = NO;
				ENABLE_STRICT_OBJC_MSGSEND = YES;
				GCC_C_LANGUAGE_STANDARD = gnu11;
				GCC_NO_COMMON_BLOCKS = YES;
				GCC_WARN_64_TO_32_BIT_CONVERSION = YES;
				GCC_WARN_ABOUT_RETURN_TYPE = YES_ERROR;
				GCC_WARN_UNDECLARED_SELECTOR = YES;
				GCC_WARN_UNINITIALIZED_AUTOS = YES_AGGRESSIVE;
				GCC_WARN_UNUSED_FUNCTION = YES;
				GCC_WARN_UNUSED_VARIABLE = YES;
				IPHONEOS_DEPLOYMENT_TARGET = 12.0;
				MTL_ENABLE_DEBUG_INFO = NO;
				MTL_FAST_MATH = YES;
				SDKROOT = iphoneos;
				SWIFT_COMPILATION_MODE = wholemodule;
				SWIFT_OPTIMIZATION_LEVEL = "-O";
				VALIDATE_PRODUCT = YES;
			};
			name = Release;
		};
		326D426224B39B49007D645B /* Debug */ = {
			isa = XCBuildConfiguration;
			baseConfigurationReference = 85A5C4677950800844FC47D0 /* Pods-Marvel.debug.xcconfig */;
			buildSettings = {
				ASSETCATALOG_COMPILER_APPICON_NAME = AppIcon;
				CODE_SIGN_STYLE = Automatic;
				CURRENT_PROJECT_VERSION = 20200706;
				DEVELOPMENT_TEAM = L2P57FYFZ4;
				INFOPLIST_FILE = Marvel/Info.plist;
				IPHONEOS_DEPLOYMENT_TARGET = 12.0;
				LD_RUNPATH_SEARCH_PATHS = (
					"$(inherited)",
					"@executable_path/Frameworks",
				);
				MARKETING_VERSION = 1.0.0;
				PRODUCT_BUNDLE_IDENTIFIER = com.example.jacm.Marvel;
				PRODUCT_NAME = "$(TARGET_NAME)";
				SWIFT_VERSION = 5.0;
				TARGETED_DEVICE_FAMILY = "1,2";
			};
			name = Debug;
		};
		326D426324B39B49007D645B /* Release */ = {
			isa = XCBuildConfiguration;
			baseConfigurationReference = 1D5AC41F59E6D4CD5A2F3216 /* Pods-Marvel.release.xcconfig */;
			buildSettings = {
				ASSETCATALOG_COMPILER_APPICON_NAME = AppIcon;
				CODE_SIGN_STYLE = Automatic;
				CURRENT_PROJECT_VERSION = 20200706;
				DEVELOPMENT_TEAM = L2P57FYFZ4;
				INFOPLIST_FILE = Marvel/Info.plist;
				IPHONEOS_DEPLOYMENT_TARGET = 12.0;
				LD_RUNPATH_SEARCH_PATHS = (
					"$(inherited)",
					"@executable_path/Frameworks",
				);
				MARKETING_VERSION = 1.0.0;
				PRODUCT_BUNDLE_IDENTIFIER = com.example.jacm.Marvel;
				PRODUCT_NAME = "$(TARGET_NAME)";
				SWIFT_VERSION = 5.0;
				TARGETED_DEVICE_FAMILY = "1,2";
			};
			name = Release;
		};
		326D426524B39B49007D645B /* Debug */ = {
			isa = XCBuildConfiguration;
			buildSettings = {
				ALWAYS_EMBED_SWIFT_STANDARD_LIBRARIES = YES;
				BUNDLE_LOADER = "$(TEST_HOST)";
				CODE_SIGN_STYLE = Automatic;
				DEVELOPMENT_TEAM = L2P57FYFZ4;
				INFOPLIST_FILE = MarvelTests/Info.plist;
				IPHONEOS_DEPLOYMENT_TARGET = 13.5;
				LD_RUNPATH_SEARCH_PATHS = (
					"$(inherited)",
					"@executable_path/Frameworks",
					"@loader_path/Frameworks",
				);
				PRODUCT_BUNDLE_IDENTIFIER = com.example.jacm.MarvelTests;
				PRODUCT_NAME = "$(TARGET_NAME)";
				SWIFT_VERSION = 5.0;
				TARGETED_DEVICE_FAMILY = "1,2";
				TEST_HOST = "$(BUILT_PRODUCTS_DIR)/Marvel.app/Marvel";
			};
			name = Debug;
		};
		326D426624B39B49007D645B /* Release */ = {
			isa = XCBuildConfiguration;
			buildSettings = {
				ALWAYS_EMBED_SWIFT_STANDARD_LIBRARIES = YES;
				BUNDLE_LOADER = "$(TEST_HOST)";
				CODE_SIGN_STYLE = Automatic;
				DEVELOPMENT_TEAM = L2P57FYFZ4;
				INFOPLIST_FILE = MarvelTests/Info.plist;
				IPHONEOS_DEPLOYMENT_TARGET = 13.5;
				LD_RUNPATH_SEARCH_PATHS = (
					"$(inherited)",
					"@executable_path/Frameworks",
					"@loader_path/Frameworks",
				);
				PRODUCT_BUNDLE_IDENTIFIER = com.example.jacm.MarvelTests;
				PRODUCT_NAME = "$(TARGET_NAME)";
				SWIFT_VERSION = 5.0;
				TARGETED_DEVICE_FAMILY = "1,2";
				TEST_HOST = "$(BUILT_PRODUCTS_DIR)/Marvel.app/Marvel";
			};
			name = Release;
		};
		326D426824B39B49007D645B /* Debug */ = {
			isa = XCBuildConfiguration;
			buildSettings = {
				ALWAYS_EMBED_SWIFT_STANDARD_LIBRARIES = YES;
				CODE_SIGN_STYLE = Automatic;
				DEVELOPMENT_TEAM = L2P57FYFZ4;
				INFOPLIST_FILE = MarvelUITests/Info.plist;
				LD_RUNPATH_SEARCH_PATHS = (
					"$(inherited)",
					"@executable_path/Frameworks",
					"@loader_path/Frameworks",
				);
				PRODUCT_BUNDLE_IDENTIFIER = com.example.jacm.MarvelUITests;
				PRODUCT_NAME = "$(TARGET_NAME)";
				SWIFT_VERSION = 5.0;
				TARGETED_DEVICE_FAMILY = "1,2";
				TEST_TARGET_NAME = Marvel;
			};
			name = Debug;
		};
		326D426924B39B49007D645B /* Release */ = {
			isa = XCBuildConfiguration;
			buildSettings = {
				ALWAYS_EMBED_SWIFT_STANDARD_LIBRARIES = YES;
				CODE_SIGN_STYLE = Automatic;
				DEVELOPMENT_TEAM = L2P57FYFZ4;
				INFOPLIST_FILE = MarvelUITests/Info.plist;
				LD_RUNPATH_SEARCH_PATHS = (
					"$(inherited)",
					"@executable_path/Frameworks",
					"@loader_path/Frameworks",
				);
				PRODUCT_BUNDLE_IDENTIFIER = com.example.jacm.MarvelUITests;
				PRODUCT_NAME = "$(TARGET_NAME)";
				SWIFT_VERSION = 5.0;
				TARGETED_DEVICE_FAMILY = "1,2";
				TEST_TARGET_NAME = Marvel;
			};
			name = Release;
		};
/* End XCBuildConfiguration section */

/* Begin XCConfigurationList section */
		326D423224B39B46007D645B /* Build configuration list for PBXProject "Marvel" */ = {
			isa = XCConfigurationList;
			buildConfigurations = (
				326D425F24B39B49007D645B /* Debug */,
				326D426024B39B49007D645B /* Release */,
			);
			defaultConfigurationIsVisible = 0;
			defaultConfigurationName = Release;
		};
		326D426124B39B49007D645B /* Build configuration list for PBXNativeTarget "Marvel" */ = {
			isa = XCConfigurationList;
			buildConfigurations = (
				326D426224B39B49007D645B /* Debug */,
				326D426324B39B49007D645B /* Release */,
			);
			defaultConfigurationIsVisible = 0;
			defaultConfigurationName = Release;
		};
		326D426424B39B49007D645B /* Build configuration list for PBXNativeTarget "MarvelTests" */ = {
			isa = XCConfigurationList;
			buildConfigurations = (
				326D426524B39B49007D645B /* Debug */,
				326D426624B39B49007D645B /* Release */,
			);
			defaultConfigurationIsVisible = 0;
			defaultConfigurationName = Release;
		};
		326D426724B39B49007D645B /* Build configuration list for PBXNativeTarget "MarvelUITests" */ = {
			isa = XCConfigurationList;
			buildConfigurations = (
				326D426824B39B49007D645B /* Debug */,
				326D426924B39B49007D645B /* Release */,
			);
			defaultConfigurationIsVisible = 0;
			defaultConfigurationName = Release;
		};
/* End XCConfigurationList section */
	};
	rootObject = 326D422F24B39B46007D645B /* Project object */;
}
